
Microsoft Visual Studio Solution File, Format Version 12.00
# Visual Studio 15
VisualStudioVersion = 15.0.28307.489
MinimumVisualStudioVersion = 10.0.40219.1
Project("{FAE04EC0-301F-11D3-BF4B-00C04F79EFBC}") = "DataAccess", "DataAccess\DataAccess.csproj", "{8FEAFB42-BE0C-4F60-85FA-E00600CB10E0}"
EndProject
Project("{FAE04EC0-301F-11D3-BF4B-00C04F79EFBC}") = "TwitterCloneMVCUI", "TwitterCloneMVCUI\TwitterCloneMVCUI.csproj", "{EC0553F8-5C90-4C25-9872-F870AA070AD6}"
EndProject
Global
	GlobalSection(SolutionConfigurationPlatforms) = preSolution
		Debug|Any CPU = Debug|Any CPU
		Release|Any CPU = Release|Any CPU
	EndGlobalSection
	GlobalSection(ProjectConfigurationPlatforms) = postSolution
		{8FEAFB42-BE0C-4F60-85FA-E00600CB10E0}.Debug|Any CPU.ActiveCfg = Debug|Any CPU
		{8FEAFB42-BE0C-4F60-85FA-E00600CB10E0}.Debug|Any CPU.Build.0 = Debug|Any CPU
		{8FEAFB42-BE0C-4F60-85FA-E00600CB10E0}.Release|Any CPU.ActiveCfg = Release|Any CPU
		{8FEAFB42-BE0C-4F60-85FA-E00600CB10E0}.Release|Any CPU.Build.0 = Release|Any CPU
		{EC0553F8-5C90-4C25-9872-F870AA070AD6}.Debug|Any CPU.ActiveCfg = Debug|Any CPU
		{EC0553F8-5C90-4C25-9872-F870AA070AD6}.Debug|Any CPU.Build.0 = Debug|Any CPU
		{EC0553F8-5C90-4C25-9872-F870AA070AD6}.Release|Any CPU.ActiveCfg = Release|Any CPU
		{EC0553F8-5C90-4C25-9872-F870AA070AD6}.Release|Any CPU.Build.0 = Release|Any CPU
	EndGlobalSection
	GlobalSection(SolutionProperties) = preSolution
		HideSolutionNode = FALSE
	EndGlobalSection
	GlobalSection(ExtensibilityGlobals) = postSolution
		SolutionGuid = {E10E90C7-F291-413F-B5B9-BDC2996118D0}
	EndGlobalSection
EndGlobal
