
Microsoft Visual Studio Solution File, Format Version 12.00
# Visual Studio 15
VisualStudioVersion = 15.0.28307.489
MinimumVisualStudioVersion = 10.0.40219.1
Project("{FAE04EC0-301F-11D3-BF4B-00C04F79EFBC}") = "Wcfsba", "Wcfsba\Wcfsba.csproj", "{44388562-3460-4F45-AA38-B80777E8B056}"
EndProject
Project("{FAE04EC0-301F-11D3-BF4B-00C04F79EFBC}") = "WebApplication1", "WebApplication1\WebApplication1.csproj", "{6EF26FCF-814A-432F-B1B3-869ECFB88168}"
	ProjectSection(ProjectDependencies) = postProject
		{44388562-3460-4F45-AA38-B80777E8B056} = {44388562-3460-4F45-AA38-B80777E8B056}
	EndProjectSection
EndProject
Project("{FAE04EC0-301F-11D3-BF4B-00C04F79EFBC}") = "WebApplication3", "WebApplication3\WebApplication3.csproj", "{E3D750C0-3A95-4470-8DDF-C271FC3A908C}"
	ProjectSection(ProjectDependencies) = postProject
		{44388562-3460-4F45-AA38-B80777E8B056} = {44388562-3460-4F45-AA38-B80777E8B056}
	EndProjectSection
EndProject
Global
	GlobalSection(SolutionConfigurationPlatforms) = preSolution
		Debug|Any CPU = Debug|Any CPU
		Release|Any CPU = Release|Any CPU
	EndGlobalSection
	GlobalSection(ProjectConfigurationPlatforms) = postSolution
		{44388562-3460-4F45-AA38-B80777E8B056}.Debug|Any CPU.ActiveCfg = Debug|Any CPU
		{44388562-3460-4F45-AA38-B80777E8B056}.Debug|Any CPU.Build.0 = Debug|Any CPU
		{44388562-3460-4F45-AA38-B80777E8B056}.Release|Any CPU.ActiveCfg = Release|Any CPU
		{44388562-3460-4F45-AA38-B80777E8B056}.Release|Any CPU.Build.0 = Release|Any CPU
		{6EF26FCF-814A-432F-B1B3-869ECFB88168}.Debug|Any CPU.ActiveCfg = Debug|Any CPU
		{6EF26FCF-814A-432F-B1B3-869ECFB88168}.Debug|Any CPU.Build.0 = Debug|Any CPU
		{6EF26FCF-814A-432F-B1B3-869ECFB88168}.Release|Any CPU.ActiveCfg = Release|Any CPU
		{6EF26FCF-814A-432F-B1B3-869ECFB88168}.Release|Any CPU.Build.0 = Release|Any CPU
		{E3D750C0-3A95-4470-8DDF-C271FC3A908C}.Debug|Any CPU.ActiveCfg = Debug|Any CPU
		{E3D750C0-3A95-4470-8DDF-C271FC3A908C}.Debug|Any CPU.Build.0 = Debug|Any CPU
		{E3D750C0-3A95-4470-8DDF-C271FC3A908C}.Release|Any CPU.ActiveCfg = Release|Any CPU
		{E3D750C0-3A95-4470-8DDF-C271FC3A908C}.Release|Any CPU.Build.0 = Release|Any CPU
	EndGlobalSection
	GlobalSection(SolutionProperties) = preSolution
		HideSolutionNode = FALSE
	EndGlobalSection
	GlobalSection(ExtensibilityGlobals) = postSolution
		SolutionGuid = {1D4DDD06-1D65-45AE-8D7D-781A1479BAAB}
	EndGlobalSection
EndGlobal
